
Microsoft Visual Studio Solution File, Format Version 12.00
# Visual Studio Version 17
VisualStudioVersion = 17.5.33627.172
MinimumVisualStudioVersion = 10.0.40219.1
Project("{9A19103F-16F7-4668-BE54-9A1E7A4F7556}") = "testApi", "testApi\testApi.csproj", "{F19FCFEF-5132-46CE-A414-E6F05A8BE366}"
EndProject
Project("{FAE04EC0-301F-11D3-BF4B-00C04F79EFBC}") = "TestProject1", "TestProject1\TestProject1.csproj", "{B94E7FD5-ACBF-49CA-8D66-C3EA144BAAFA}"
EndProject
Global
	GlobalSection(SolutionConfigurationPlatforms) = preSolution
		Debug|Any CPU = Debug|Any CPU
		Release|Any CPU = Release|Any CPU
	EndGlobalSection
	GlobalSection(ProjectConfigurationPlatforms) = postSolution
		{F19FCFEF-5132-46CE-A414-E6F05A8BE366}.Debug|Any CPU.ActiveCfg = Debug|Any CPU
		{F19FCFEF-5132-46CE-A414-E6F05A8BE366}.Debug|Any CPU.Build.0 = Debug|Any CPU
		{F19FCFEF-5132-46CE-A414-E6F05A8BE366}.Release|Any CPU.ActiveCfg = Release|Any CPU
		{F19FCFEF-5132-46CE-A414-E6F05A8BE366}.Release|Any CPU.Build.0 = Release|Any CPU
		{B94E7FD5-ACBF-49CA-8D66-C3EA144BAAFA}.Debug|Any CPU.ActiveCfg = Debug|Any CPU
		{B94E7FD5-ACBF-49CA-8D66-C3EA144BAAFA}.Debug|Any CPU.Build.0 = Debug|Any CPU
		{B94E7FD5-ACBF-49CA-8D66-C3EA144BAAFA}.Release|Any CPU.ActiveCfg = Release|Any CPU
		{B94E7FD5-ACBF-49CA-8D66-C3EA144BAAFA}.Release|Any CPU.Build.0 = Release|Any CPU
	EndGlobalSection
	GlobalSection(SolutionProperties) = preSolution
		HideSolutionNode = FALSE
	EndGlobalSection
	GlobalSection(ExtensibilityGlobals) = postSolution
		SolutionGuid = {C1CED41A-9864-45AA-904B-4722E394D080}
	EndGlobalSection
EndGlobal
